// !$*UTF8*$!
{
	archiveVersion = 1;
	classes = {
	};
	objectVersion = 56;
	objects = {

/* Begin PBXBuildFile section */
		C757DAD52945CB1E00DEA463 /* SwiftUI_HoneymoonApp.swift in Sources */ = {isa = PBXBuildFile; fileRef = C757DAD42945CB1E00DEA463 /* SwiftUI_HoneymoonApp.swift */; };
		C757DAD72945CB1E00DEA463 /* DestinationHomeView.swift in Sources */ = {isa = PBXBuildFile; fileRef = C757DAD62945CB1E00DEA463 /* DestinationHomeView.swift */; };
		C757DAD92945CB2000DEA463 /* Assets.xcassets in Resources */ = {isa = PBXBuildFile; fileRef = C757DAD82945CB2000DEA463 /* Assets.xcassets */; };
		C757DADC2945CB2000DEA463 /* Preview Assets.xcassets in Resources */ = {isa = PBXBuildFile; fileRef = C757DADB2945CB2000DEA463 /* Preview Assets.xcassets */; };
		C757DAE52945CEE900DEA463 /* sound-rise.mp3 in Resources */ = {isa = PBXBuildFile; fileRef = C757DAE32945CEE900DEA463 /* sound-rise.mp3 */; };
		C757DAE62945CEE900DEA463 /* sound-click.mp3 in Resources */ = {isa = PBXBuildFile; fileRef = C757DAE42945CEE900DEA463 /* sound-click.mp3 */; };
		C757DAE82945D0B600DEA463 /* Launch.storyboard in Resources */ = {isa = PBXBuildFile; fileRef = C757DAE72945D0B600DEA463 /* Launch.storyboard */; };
		C757DAEB2945D20700DEA463 /* HoneymoonData.swift in Sources */ = {isa = PBXBuildFile; fileRef = C757DAEA2945D20700DEA463 /* HoneymoonData.swift */; };
		C757DAED2945D32D00DEA463 /* DestinationCardView.swift in Sources */ = {isa = PBXBuildFile; fileRef = C757DAEC2945D32D00DEA463 /* DestinationCardView.swift */; };
		C757DAEF2945EEDC00DEA463 /* HomeHeaderView.swift in Sources */ = {isa = PBXBuildFile; fileRef = C757DAEE2945EEDC00DEA463 /* HomeHeaderView.swift */; };
		C757DAF12945F2E500DEA463 /* HomeFooterView.swift in Sources */ = {isa = PBXBuildFile; fileRef = C757DAF02945F2E500DEA463 /* HomeFooterView.swift */; };
		C757DAF32945F80F00DEA463 /* GuideView.swift in Sources */ = {isa = PBXBuildFile; fileRef = C757DAF22945F80F00DEA463 /* GuideView.swift */; };
		C757DAF52945F82E00DEA463 /* GuideComponentView.swift in Sources */ = {isa = PBXBuildFile; fileRef = C757DAF42945F82E00DEA463 /* GuideComponentView.swift */; };
		C757DAF72945F86600DEA463 /* GuideInfo.swift in Sources */ = {isa = PBXBuildFile; fileRef = C757DAF62945F86600DEA463 /* GuideInfo.swift */; };
		C757DAFB2946077E00DEA463 /* InfoView.swift in Sources */ = {isa = PBXBuildFile; fileRef = C757DAFA2946077E00DEA463 /* InfoView.swift */; };
		C757DAFD2946098500DEA463 /* SectionTitleModifier.swift in Sources */ = {isa = PBXBuildFile; fileRef = C757DAFC2946098500DEA463 /* SectionTitleModifier.swift */; };
		C757DAFF294616AA00DEA463 /* ContinueButtonModifier.swift in Sources */ = {isa = PBXBuildFile; fileRef = C757DAFE294616AA00DEA463 /* ContinueButtonModifier.swift */; };
/* End PBXBuildFile section */

/* Begin PBXFileReference section */
		C757DAD12945CB1E00DEA463 /* SwiftUI-Honeymoon.app */ = {isa = PBXFileReference; explicitFileType = wrapper.application; includeInIndex = 0; path = "SwiftUI-Honeymoon.app"; sourceTree = BUILT_PRODUCTS_DIR; };
		C757DAD42945CB1E00DEA463 /* SwiftUI_HoneymoonApp.swift */ = {isa = PBXFileReference; lastKnownFileType = sourcecode.swift; path = SwiftUI_HoneymoonApp.swift; sourceTree = "<group>"; };
		C757DAD62945CB1E00DEA463 /* DestinationHomeView.swift */ = {isa = PBXFileReference; lastKnownFileType = sourcecode.swift; path = DestinationHomeView.swift; sourceTree = "<group>"; };
		C757DAD82945CB2000DEA463 /* Assets.xcassets */ = {isa = PBXFileReference; lastKnownFileType = folder.assetcatalog; path = Assets.xcassets; sourceTree = "<group>"; };
		C757DADB2945CB2000DEA463 /* Preview Assets.xcassets */ = {isa = PBXFileReference; lastKnownFileType = folder.assetcatalog; path = "Preview Assets.xcassets"; sourceTree = "<group>"; };
		C757DAE32945CEE900DEA463 /* sound-rise.mp3 */ = {isa = PBXFileReference; lastKnownFileType = audio.mp3; path = "sound-rise.mp3"; sourceTree = "<group>"; };
		C757DAE42945CEE900DEA463 /* sound-click.mp3 */ = {isa = PBXFileReference; lastKnownFileType = audio.mp3; path = "sound-click.mp3"; sourceTree = "<group>"; };
		C757DAE72945D0B600DEA463 /* Launch.storyboard */ = {isa = PBXFileReference; lastKnownFileType = file.storyboard; path = Launch.storyboard; sourceTree = "<group>"; };
		C757DAEA2945D20700DEA463 /* HoneymoonData.swift */ = {isa = PBXFileReference; lastKnownFileType = sourcecode.swift; path = HoneymoonData.swift; sourceTree = "<group>"; };
		C757DAEC2945D32D00DEA463 /* DestinationCardView.swift */ = {isa = PBXFileReference; lastKnownFileType = sourcecode.swift; path = DestinationCardView.swift; sourceTree = "<group>"; };
		C757DAEE2945EEDC00DEA463 /* HomeHeaderView.swift */ = {isa = PBXFileReference; lastKnownFileType = sourcecode.swift; path = HomeHeaderView.swift; sourceTree = "<group>"; };
		C757DAF02945F2E500DEA463 /* HomeFooterView.swift */ = {isa = PBXFileReference; lastKnownFileType = sourcecode.swift; path = HomeFooterView.swift; sourceTree = "<group>"; };
		C757DAF22945F80F00DEA463 /* GuideView.swift */ = {isa = PBXFileReference; lastKnownFileType = sourcecode.swift; path = GuideView.swift; sourceTree = "<group>"; };
		C757DAF42945F82E00DEA463 /* GuideComponentView.swift */ = {isa = PBXFileReference; lastKnownFileType = sourcecode.swift; path = GuideComponentView.swift; sourceTree = "<group>"; };
		C757DAF62945F86600DEA463 /* GuideInfo.swift */ = {isa = PBXFileReference; lastKnownFileType = sourcecode.swift; path = GuideInfo.swift; sourceTree = "<group>"; };
		C757DAFA2946077E00DEA463 /* InfoView.swift */ = {isa = PBXFileReference; lastKnownFileType = sourcecode.swift; path = InfoView.swift; sourceTree = "<group>"; };
		C757DAFC2946098500DEA463 /* SectionTitleModifier.swift */ = {isa = PBXFileReference; lastKnownFileType = sourcecode.swift; path = SectionTitleModifier.swift; sourceTree = "<group>"; };
		C757DAFE294616AA00DEA463 /* ContinueButtonModifier.swift */ = {isa = PBXFileReference; lastKnownFileType = sourcecode.swift; path = ContinueButtonModifier.swift; sourceTree = "<group>"; };
/* End PBXFileReference section */

/* Begin PBXFrameworksBuildPhase section */
		C757DACE2945CB1E00DEA463 /* Frameworks */ = {
			isa = PBXFrameworksBuildPhase;
			buildActionMask = 2147483647;
			files = (
			);
			runOnlyForDeploymentPostprocessing = 0;
		};
/* End PBXFrameworksBuildPhase section */

/* Begin PBXGroup section */
		C757DAC82945CB1E00DEA463 = {
			isa = PBXGroup;
			children = (
				C757DAD32945CB1E00DEA463 /* SwiftUI-Honeymoon */,
				C757DAD22945CB1E00DEA463 /* Products */,
			);
			sourceTree = "<group>";
		};
		C757DAD22945CB1E00DEA463 /* Products */ = {
			isa = PBXGroup;
			children = (
				C757DAD12945CB1E00DEA463 /* SwiftUI-Honeymoon.app */,
			);
			name = Products;
			sourceTree = "<group>";
		};
		C757DAD32945CB1E00DEA463 /* SwiftUI-Honeymoon */ = {
			isa = PBXGroup;
			children = (
				C757DAE92945D1EC00DEA463 /* Home */,
				C757DAE22945CEE900DEA463 /* Sound */,
				C757DAD42945CB1E00DEA463 /* SwiftUI_HoneymoonApp.swift */,
				C757DAD82945CB2000DEA463 /* Assets.xcassets */,
				C757DADA2945CB2000DEA463 /* Preview Content */,
				C757DAE72945D0B600DEA463 /* Launch.storyboard */,
			);
			path = "SwiftUI-Honeymoon";
			sourceTree = "<group>";
		};
		C757DADA2945CB2000DEA463 /* Preview Content */ = {
			isa = PBXGroup;
			children = (
				C757DADB2945CB2000DEA463 /* Preview Assets.xcassets */,
			);
			path = "Preview Content";
			sourceTree = "<group>";
		};
		C757DAE22945CEE900DEA463 /* Sound */ = {
			isa = PBXGroup;
			children = (
				C757DAE32945CEE900DEA463 /* sound-rise.mp3 */,
				C757DAE42945CEE900DEA463 /* sound-click.mp3 */,
			);
			path = Sound;
			sourceTree = "<group>";
		};
		C757DAE92945D1EC00DEA463 /* Home */ = {
			isa = PBXGroup;
			children = (
				C757DAD62945CB1E00DEA463 /* DestinationHomeView.swift */,
				C757DAEA2945D20700DEA463 /* HoneymoonData.swift */,
				C757DAEC2945D32D00DEA463 /* DestinationCardView.swift */,
				C757DAEE2945EEDC00DEA463 /* HomeHeaderView.swift */,
				C757DAF02945F2E500DEA463 /* HomeFooterView.swift */,
				C757DAFC2946098500DEA463 /* SectionTitleModifier.swift */,
				C757DAFE294616AA00DEA463 /* ContinueButtonModifier.swift */,
				C757DAF92946076C00DEA463 /* Info */,
				C757DAF82946076100DEA463 /* Guide */,
			);
			path = Home;
			sourceTree = "<group>";
		};
		C757DAF82946076100DEA463 /* Guide */ = {
			isa = PBXGroup;
			children = (
				C757DAF22945F80F00DEA463 /* GuideView.swift */,
				C757DAF42945F82E00DEA463 /* GuideComponentView.swift */,
				C757DAF62945F86600DEA463 /* GuideInfo.swift */,
			);
			path = Guide;
			sourceTree = "<group>";
		};
		C757DAF92946076C00DEA463 /* Info */ = {
			isa = PBXGroup;
			children = (
				C757DAFA2946077E00DEA463 /* InfoView.swift */,
			);
			path = Info;
			sourceTree = "<group>";
		};
/* End PBXGroup section */

/* Begin PBXNativeTarget section */
		C757DAD02945CB1E00DEA463 /* SwiftUI-Honeymoon */ = {
			isa = PBXNativeTarget;
			buildConfigurationList = C757DADF2945CB2000DEA463 /* Build configuration list for PBXNativeTarget "SwiftUI-Honeymoon" */;
			buildPhases = (
				C757DACD2945CB1E00DEA463 /* Sources */,
				C757DACE2945CB1E00DEA463 /* Frameworks */,
				C757DACF2945CB1E00DEA463 /* Resources */,
			);
			buildRules = (
			);
			dependencies = (
			);
			name = "SwiftUI-Honeymoon";
			productName = "SwiftUI-Honeymoon";
			productReference = C757DAD12945CB1E00DEA463 /* SwiftUI-Honeymoon.app */;
			productType = "com.apple.product-type.application";
		};
/* End PBXNativeTarget section */

/* Begin PBXProject section */
		C757DAC92945CB1E00DEA463 /* Project object */ = {
			isa = PBXProject;
			attributes = {
				BuildIndependentTargetsInParallel = 1;
				LastSwiftUpdateCheck = 1410;
				LastUpgradeCheck = 1410;
				TargetAttributes = {
					C757DAD02945CB1E00DEA463 = {
						CreatedOnToolsVersion = 14.1;
					};
				};
			};
			buildConfigurationList = C757DACC2945CB1E00DEA463 /* Build configuration list for PBXProject "SwiftUI-Honeymoon" */;
			compatibilityVersion = "Xcode 14.0";
			developmentRegion = en;
			hasScannedForEncodings = 0;
			knownRegions = (
				en,
				Base,
			);
			mainGroup = C757DAC82945CB1E00DEA463;
			productRefGroup = C757DAD22945CB1E00DEA463 /* Products */;
			projectDirPath = "";
			projectRoot = "";
			targets = (
				C757DAD02945CB1E00DEA463 /* SwiftUI-Honeymoon */,
			);
		};
/* End PBXProject section */

/* Begin PBXResourcesBuildPhase section */
		C757DACF2945CB1E00DEA463 /* Resources */ = {
			isa = PBXResourcesBuildPhase;
			buildActionMask = 2147483647;
			files = (
				C757DAE52945CEE900DEA463 /* sound-rise.mp3 in Resources */,
				C757DAE82945D0B600DEA463 /* Launch.storyboard in Resources */,
				C757DAE62945CEE900DEA463 /* sound-click.mp3 in Resources */,
				C757DADC2945CB2000DEA463 /* Preview Assets.xcassets in Resources */,
				C757DAD92945CB2000DEA463 /* Assets.xcassets in Resources */,
			);
			runOnlyForDeploymentPostprocessing = 0;
		};
/* End PBXResourcesBuildPhase section */

/* Begin PBXSourcesBuildPhase section */
		C757DACD2945CB1E00DEA463 /* Sources */ = {
			isa = PBXSourcesBuildPhase;
			buildActionMask = 2147483647;
			files = (
				C757DAF12945F2E500DEA463 /* HomeFooterView.swift in Sources */,
				C757DAD72945CB1E00DEA463 /* DestinationHomeView.swift in Sources */,
				C757DAEF2945EEDC00DEA463 /* HomeHeaderView.swift in Sources */,
				C757DAD52945CB1E00DEA463 /* SwiftUI_HoneymoonApp.swift in Sources */,
				C757DAF32945F80F00DEA463 /* GuideView.swift in Sources */,
				C757DAFD2946098500DEA463 /* SectionTitleModifier.swift in Sources */,
				C757DAEB2945D20700DEA463 /* HoneymoonData.swift in Sources */,
				C757DAF72945F86600DEA463 /* GuideInfo.swift in Sources */,
				C757DAED2945D32D00DEA463 /* DestinationCardView.swift in Sources */,
				C757DAFB2946077E00DEA463 /* InfoView.swift in Sources */,
				C757DAF52945F82E00DEA463 /* GuideComponentView.swift in Sources */,
				C757DAFF294616AA00DEA463 /* ContinueButtonModifier.swift in Sources */,
			);
			runOnlyForDeploymentPostprocessing = 0;
		};
/* End PBXSourcesBuildPhase section */

/* Begin XCBuildConfiguration section */
		C757DADD2945CB2000DEA463 /* Debug */ = {
			isa = XCBuildConfiguration;
			buildSettings = {
				ALWAYS_SEARCH_USER_PATHS = NO;
				CLANG_ANALYZER_NONNULL = YES;
				CLANG_ANALYZER_NUMBER_OBJECT_CONVERSION = YES_AGGRESSIVE;
				CLANG_CXX_LANGUAGE_STANDARD = "gnu++20";
				CLANG_ENABLE_MODULES = YES;
				CLANG_ENABLE_OBJC_ARC = YES;
				CLANG_ENABLE_OBJC_WEAK = YES;
				CLANG_WARN_BLOCK_CAPTURE_AUTORELEASING = YES;
				CLANG_WARN_BOOL_CONVERSION = YES;
				CLANG_WARN_COMMA = YES;
				CLANG_WARN_CONSTANT_CONVERSION = YES;
				CLANG_WARN_DEPRECATED_OBJC_IMPLEMENTATIONS = YES;
				CLANG_WARN_DIRECT_OBJC_ISA_USAGE = YES_ERROR;
				CLANG_WARN_DOCUMENTATION_COMMENTS = YES;
				CLANG_WARN_EMPTY_BODY = YES;
				CLANG_WARN_ENUM_CONVERSION = YES;
				CLANG_WARN_INFINITE_RECURSION = YES;
				CLANG_WARN_INT_CONVERSION = YES;
				CLANG_WARN_NON_LITERAL_NULL_CONVERSION = YES;
				CLANG_WARN_OBJC_IMPLICIT_RETAIN_SELF = YES;
				CLANG_WARN_OBJC_LITERAL_CONVERSION = YES;
				CLANG_WARN_OBJC_ROOT_CLASS = YES_ERROR;
				CLANG_WARN_QUOTED_INCLUDE_IN_FRAMEWORK_HEADER = YES;
				CLANG_WARN_RANGE_LOOP_ANALYSIS = YES;
				CLANG_WARN_STRICT_PROTOTYPES = YES;
				CLANG_WARN_SUSPICIOUS_MOVE = YES;
				CLANG_WARN_UNGUARDED_AVAILABILITY = YES_AGGRESSIVE;
				CLANG_WARN_UNREACHABLE_CODE = YES;
				CLANG_WARN__DUPLICATE_METHOD_MATCH = YES;
				COPY_PHASE_STRIP = NO;
				DEBUG_INFORMATION_FORMAT = dwarf;
				ENABLE_STRICT_OBJC_MSGSEND = YES;
				ENABLE_TESTABILITY = YES;
				GCC_C_LANGUAGE_STANDARD = gnu11;
				GCC_DYNAMIC_NO_PIC = NO;
				GCC_NO_COMMON_BLOCKS = YES;
				GCC_OPTIMIZATION_LEVEL = 0;
				GCC_PREPROCESSOR_DEFINITIONS = (
					"DEBUG=1",
					"$(inherited)",
				);
				GCC_WARN_64_TO_32_BIT_CONVERSION = YES;
				GCC_WARN_ABOUT_RETURN_TYPE = YES_ERROR;
				GCC_WARN_UNDECLARED_SELECTOR = YES;
				GCC_WARN_UNINITIALIZED_AUTOS = YES_AGGRESSIVE;
				GCC_WARN_UNUSED_FUNCTION = YES;
				GCC_WARN_UNUSED_VARIABLE = YES;
				IPHONEOS_DEPLOYMENT_TARGET = 16.1;
				MTL_ENABLE_DEBUG_INFO = INCLUDE_SOURCE;
				MTL_FAST_MATH = YES;
				ONLY_ACTIVE_ARCH = YES;
				SDKROOT = iphoneos;
				SWIFT_ACTIVE_COMPILATION_CONDITIONS = DEBUG;
				SWIFT_OPTIMIZATION_LEVEL = "-Onone";
			};
			name = Debug;
		};
		C757DADE2945CB2000DEA463 /* Release */ = {
			isa = XCBuildConfiguration;
			buildSettings = {
				ALWAYS_SEARCH_USER_PATHS = NO;
				CLANG_ANALYZER_NONNULL = YES;
				CLANG_ANALYZER_NUMBER_OBJECT_CONVERSION = YES_AGGRESSIVE;
				CLANG_CXX_LANGUAGE_STANDARD = "gnu++20";
				CLANG_ENABLE_MODULES = YES;
				CLANG_ENABLE_OBJC_ARC = YES;
				CLANG_ENABLE_OBJC_WEAK = YES;
				CLANG_WARN_BLOCK_CAPTURE_AUTORELEASING = YES;
				CLANG_WARN_BOOL_CONVERSION = YES;
				CLANG_WARN_COMMA = YES;
				CLANG_WARN_CONSTANT_CONVERSION = YES;
				CLANG_WARN_DEPRECATED_OBJC_IMPLEMENTATIONS = YES;
				CLANG_WARN_DIRECT_OBJC_ISA_USAGE = YES_ERROR;
				CLANG_WARN_DOCUMENTATION_COMMENTS = YES;
				CLANG_WARN_EMPTY_BODY = YES;
				CLANG_WARN_ENUM_CONVERSION = YES;
				CLANG_WARN_INFINITE_RECURSION = YES;
				CLANG_WARN_INT_CONVERSION = YES;
				CLANG_WARN_NON_LITERAL_NULL_CONVERSION = YES;
				CLANG_WARN_OBJC_IMPLICIT_RETAIN_SELF = YES;
				CLANG_WARN_OBJC_LITERAL_CONVERSION = YES;
				CLANG_WARN_OBJC_ROOT_CLASS = YES_ERROR;
				CLANG_WARN_QUOTED_INCLUDE_IN_FRAMEWORK_HEADER = YES;
				CLANG_WARN_RANGE_LOOP_ANALYSIS = YES;
				CLANG_WARN_STRICT_PROTOTYPES = YES;
				CLANG_WARN_SUSPICIOUS_MOVE = YES;
				CLANG_WARN_UNGUARDED_AVAILABILITY = YES_AGGRESSIVE;
				CLANG_WARN_UNREACHABLE_CODE = YES;
				CLANG_WARN__DUPLICATE_METHOD_MATCH = YES;
				COPY_PHASE_STRIP = NO;
				DEBUG_INFORMATION_FORMAT = "dwarf-with-dsym";
				ENABLE_NS_ASSERTIONS = NO;
				ENABLE_STRICT_OBJC_MSGSEND = YES;
				GCC_C_LANGUAGE_STANDARD = gnu11;
				GCC_NO_COMMON_BLOCKS = YES;
				GCC_WARN_64_TO_32_BIT_CONVERSION = YES;
				GCC_WARN_ABOUT_RETURN_TYPE = YES_ERROR;
				GCC_WARN_UNDECLARED_SELECTOR = YES;
				GCC_WARN_UNINITIALIZED_AUTOS = YES_AGGRESSIVE;
				GCC_WARN_UNUSED_FUNCTION = YES;
				GCC_WARN_UNUSED_VARIABLE = YES;
				IPHONEOS_DEPLOYMENT_TARGET = 16.1;
				MTL_ENABLE_DEBUG_INFO = NO;
				MTL_FAST_MATH = YES;
				SDKROOT = iphoneos;
				SWIFT_COMPILATION_MODE = wholemodule;
				SWIFT_OPTIMIZATION_LEVEL = "-O";
				VALIDATE_PRODUCT = YES;
			};
			name = Release;
		};
		C757DAE02945CB2000DEA463 /* Debug */ = {
			isa = XCBuildConfiguration;
			buildSettings = {
				ASSETCATALOG_COMPILER_APPICON_NAME = AppIcon;
				ASSETCATALOG_COMPILER_GLOBAL_ACCENT_COLOR_NAME = AccentColor;
				CODE_SIGN_STYLE = Automatic;
				CURRENT_PROJECT_VERSION = 1;
				DEVELOPMENT_ASSET_PATHS = "\"SwiftUI-Honeymoon/Preview Content\"";
				DEVELOPMENT_TEAM = SV2VAC6NH9;
				ENABLE_PREVIEWS = YES;
				GENERATE_INFOPLIST_FILE = YES;
				INFOPLIST_KEY_CFBundleDisplayName = Honeymoon;
				INFOPLIST_KEY_UIApplicationSceneManifest_Generation = YES;
				INFOPLIST_KEY_UIApplicationSupportsIndirectInputEvents = YES;
				INFOPLIST_KEY_UILaunchScreen_Generation = YES;
				INFOPLIST_KEY_UILaunchStoryboardName = Launch.storyboard;
				INFOPLIST_KEY_UISupportedInterfaceOrientations = UIInterfaceOrientationPortrait;
				INFOPLIST_KEY_UISupportedInterfaceOrientations_iPad = "UIInterfaceOrientationPortrait UIInterfaceOrientationPortraitUpsideDown";
				LD_RUNPATH_SEARCH_PATHS = (
					"$(inherited)",
					"@executable_path/Frameworks",
				);
				MARKETING_VERSION = 1.0;
				PRODUCT_BUNDLE_IDENTIFIER = "com.nitin..SwiftUI-Honeymoon";
				PRODUCT_NAME = "$(TARGET_NAME)";
				SWIFT_EMIT_LOC_STRINGS = YES;
				SWIFT_VERSION = 5.0;
				TARGETED_DEVICE_FAMILY = "1,2";
			};
			name = Debug;
		};
		C757DAE12945CB2000DEA463 /* Release */ = {
			isa = XCBuildConfiguration;
			buildSettings = {
				ASSETCATALOG_COMPILER_APPICON_NAME = AppIcon;
				ASSETCATALOG_COMPILER_GLOBAL_ACCENT_COLOR_NAME = AccentColor;
				CODE_SIGN_STYLE = Automatic;
				CURRENT_PROJECT_VERSION = 1;
				DEVELOPMENT_ASSET_PATHS = "\"SwiftUI-Honeymoon/Preview Content\"";
				DEVELOPMENT_TEAM = SV2VAC6NH9;
				ENABLE_PREVIEWS = YES;
				GENERATE_INFOPLIST_FILE = YES;
				INFOPLIST_KEY_CFBundleDisplayName = Honeymoon;
				INFOPLIST_KEY_UIApplicationSceneManifest_Generation = YES;
				INFOPLIST_KEY_UIApplicationSupportsIndirectInputEvents = YES;
				INFOPLIST_KEY_UILaunchScreen_Generation = YES;
				INFOPLIST_KEY_UILaunchStoryboardName = Launch.storyboard;
				INFOPLIST_KEY_UISupportedInterfaceOrientations = UIInterfaceOrientationPortrait;
				INFOPLIST_KEY_UISupportedInterfaceOrientations_iPad = "UIInterfaceOrientationPortrait UIInterfaceOrientationPortraitUpsideDown";
				LD_RUNPATH_SEARCH_PATHS = (
					"$(inherited)",
					"@executable_path/Frameworks",
				);
				MARKETING_VERSION = 1.0;
				PRODUCT_BUNDLE_IDENTIFIER = "com.nitin..SwiftUI-Honeymoon";
				PRODUCT_NAME = "$(TARGET_NAME)";
				SWIFT_EMIT_LOC_STRINGS = YES;
				SWIFT_VERSION = 5.0;
				TARGETED_DEVICE_FAMILY = "1,2";
			};
			name = Release;
		};
/* End XCBuildConfiguration section */

/* Begin XCConfigurationList section */
		C757DACC2945CB1E00DEA463 /* Build configuration list for PBXProject "SwiftUI-Honeymoon" */ = {
			isa = XCConfigurationList;
			buildConfigurations = (
				C757DADD2945CB2000DEA463 /* Debug */,
				C757DADE2945CB2000DEA463 /* Release */,
			);
			defaultConfigurationIsVisible = 0;
			defaultConfigurationName = Release;
		};
		C757DADF2945CB2000DEA463 /* Build configuration list for PBXNativeTarget "SwiftUI-Honeymoon" */ = {
			isa = XCConfigurationList;
			buildConfigurations = (
				C757DAE02945CB2000DEA463 /* Debug */,
				C757DAE12945CB2000DEA463 /* Release */,
			);
			defaultConfigurationIsVisible = 0;
			defaultConfigurationName = Release;
		};
/* End XCConfigurationList section */
	};
	rootObject = C757DAC92945CB1E00DEA463 /* Project object */;
}
